
Microsoft Visual Studio Solution File, Format Version 12.00
# Visual Studio Version 16
VisualStudioVersion = 16.0.30320.27
MinimumVisualStudioVersion = 10.0.40219.1
Project("{FAE04EC0-301F-11D3-BF4B-00C04F79EFBC}") = "SortedListInCollections", "SortedListInCollections\SortedListInCollections.csproj", "{48212C1C-2B9C-47CD-A33A-2376255F2204}"
EndProject
Global
	GlobalSection(SolutionConfigurationPlatforms) = preSolution
		Debug|Any CPU = Debug|Any CPU
		Release|Any CPU = Release|Any CPU
	EndGlobalSection
	GlobalSection(ProjectConfigurationPlatforms) = postSolution
		{48212C1C-2B9C-47CD-A33A-2376255F2204}.Debug|Any CPU.ActiveCfg = Debug|Any CPU
		{48212C1C-2B9C-47CD-A33A-2376255F2204}.Debug|Any CPU.Build.0 = Debug|Any CPU
		{48212C1C-2B9C-47CD-A33A-2376255F2204}.Release|Any CPU.ActiveCfg = Release|Any CPU
		{48212C1C-2B9C-47CD-A33A-2376255F2204}.Release|Any CPU.Build.0 = Release|Any CPU
	EndGlobalSection
	GlobalSection(SolutionProperties) = preSolution
		HideSolutionNode = FALSE
	EndGlobalSection
	GlobalSection(ExtensibilityGlobals) = postSolution
		SolutionGuid = {76D8D5AF-6CC7-4AFD-8F9C-C6124DC2A858}
	EndGlobalSection
EndGlobal
